
Microsoft Visual Studio Solution File, Format Version 12.00
# Visual Studio Version 17
VisualStudioVersion = 17.0.31912.275
MinimumVisualStudioVersion = 10.0.40219.1
Project("{9A19103F-16F7-4668-BE54-9A1E7A4F7556}") = "WebAPI", "WebAPI\WebAPI.csproj", "{5B44FCB9-A96F-4551-8A31-F6F5C84FBE51}"
EndProject
Project("{9A19103F-16F7-4668-BE54-9A1E7A4F7556}") = "DataAccess", "DataAccess\DataAccess.csproj", "{0912E458-8AE3-498C-A3A1-70FBA7DB6E82}"
EndProject
Project("{9A19103F-16F7-4668-BE54-9A1E7A4F7556}") = "Entity", "Model\Entity.csproj", "{9A0D7BFC-33C7-4E32-B9B6-BBE52247A52C}"
EndProject
Project("{9A19103F-16F7-4668-BE54-9A1E7A4F7556}") = "Service", "Service\Service.csproj", "{5E16A79B-9C52-4885-BB7F-EEA58751C149}"
EndProject
Project("{9A19103F-16F7-4668-BE54-9A1E7A4F7556}") = "DTO", "DTO\DTO.csproj", "{83FE9DA1-4A6A-460B-A252-579FDCB4735A}"
EndProject
Project("{9A19103F-16F7-4668-BE54-9A1E7A4F7556}") = "Test", "Test\Test.csproj", "{3EC810AD-22B7-4AF4-940D-BEF2627B5BA3}"
EndProject
Project("{FAE04EC0-301F-11D3-BF4B-00C04F79EFBC}") = "MockData", "MockData\MockData.csproj", "{1E01FB22-46D5-406E-8038-09CBA6C10DA3}"
EndProject
Global
	GlobalSection(SolutionConfigurationPlatforms) = preSolution
		Debug|Any CPU = Debug|Any CPU
		Release|Any CPU = Release|Any CPU
	EndGlobalSection
	GlobalSection(ProjectConfigurationPlatforms) = postSolution
		{5B44FCB9-A96F-4551-8A31-F6F5C84FBE51}.Debug|Any CPU.ActiveCfg = Debug|Any CPU
		{5B44FCB9-A96F-4551-8A31-F6F5C84FBE51}.Debug|Any CPU.Build.0 = Debug|Any CPU
		{5B44FCB9-A96F-4551-8A31-F6F5C84FBE51}.Release|Any CPU.ActiveCfg = Release|Any CPU
		{5B44FCB9-A96F-4551-8A31-F6F5C84FBE51}.Release|Any CPU.Build.0 = Release|Any CPU
		{0912E458-8AE3-498C-A3A1-70FBA7DB6E82}.Debug|Any CPU.ActiveCfg = Debug|Any CPU
		{0912E458-8AE3-498C-A3A1-70FBA7DB6E82}.Debug|Any CPU.Build.0 = Debug|Any CPU
		{0912E458-8AE3-498C-A3A1-70FBA7DB6E82}.Release|Any CPU.ActiveCfg = Release|Any CPU
		{0912E458-8AE3-498C-A3A1-70FBA7DB6E82}.Release|Any CPU.Build.0 = Release|Any CPU
		{9A0D7BFC-33C7-4E32-B9B6-BBE52247A52C}.Debug|Any CPU.ActiveCfg = Debug|Any CPU
		{9A0D7BFC-33C7-4E32-B9B6-BBE52247A52C}.Debug|Any CPU.Build.0 = Debug|Any CPU
		{9A0D7BFC-33C7-4E32-B9B6-BBE52247A52C}.Release|Any CPU.ActiveCfg = Release|Any CPU
		{9A0D7BFC-33C7-4E32-B9B6-BBE52247A52C}.Release|Any CPU.Build.0 = Release|Any CPU
		{5E16A79B-9C52-4885-BB7F-EEA58751C149}.Debug|Any CPU.ActiveCfg = Debug|Any CPU
		{5E16A79B-9C52-4885-BB7F-EEA58751C149}.Debug|Any CPU.Build.0 = Debug|Any CPU
		{5E16A79B-9C52-4885-BB7F-EEA58751C149}.Release|Any CPU.ActiveCfg = Release|Any CPU
		{5E16A79B-9C52-4885-BB7F-EEA58751C149}.Release|Any CPU.Build.0 = Release|Any CPU
		{83FE9DA1-4A6A-460B-A252-579FDCB4735A}.Debug|Any CPU.ActiveCfg = Debug|Any CPU
		{83FE9DA1-4A6A-460B-A252-579FDCB4735A}.Debug|Any CPU.Build.0 = Debug|Any CPU
		{83FE9DA1-4A6A-460B-A252-579FDCB4735A}.Release|Any CPU.ActiveCfg = Release|Any CPU
		{83FE9DA1-4A6A-460B-A252-579FDCB4735A}.Release|Any CPU.Build.0 = Release|Any CPU
		{3EC810AD-22B7-4AF4-940D-BEF2627B5BA3}.Debug|Any CPU.ActiveCfg = Debug|Any CPU
		{3EC810AD-22B7-4AF4-940D-BEF2627B5BA3}.Debug|Any CPU.Build.0 = Debug|Any CPU
		{3EC810AD-22B7-4AF4-940D-BEF2627B5BA3}.Release|Any CPU.ActiveCfg = Release|Any CPU
		{3EC810AD-22B7-4AF4-940D-BEF2627B5BA3}.Release|Any CPU.Build.0 = Release|Any CPU
		{1E01FB22-46D5-406E-8038-09CBA6C10DA3}.Debug|Any CPU.ActiveCfg = Debug|Any CPU
		{1E01FB22-46D5-406E-8038-09CBA6C10DA3}.Debug|Any CPU.Build.0 = Debug|Any CPU
		{1E01FB22-46D5-406E-8038-09CBA6C10DA3}.Release|Any CPU.ActiveCfg = Release|Any CPU
		{1E01FB22-46D5-406E-8038-09CBA6C10DA3}.Release|Any CPU.Build.0 = Release|Any CPU
	EndGlobalSection
	GlobalSection(SolutionProperties) = preSolution
		HideSolutionNode = FALSE
	EndGlobalSection
	GlobalSection(ExtensibilityGlobals) = postSolution
		SolutionGuid = {509BDA2A-3737-4150-9D65-88D4B2977F20}
	EndGlobalSection
EndGlobal
